// !$*UTF8*$!
{
	archiveVersion = 1;
	classes = {
	};
	objectVersion = 46;
	objects = {

/* Begin PBXBuildFile section */
		2170E0C21B43559A000F41C0 /* AppDelegate.swift in Sources */ = {isa = PBXBuildFile; fileRef = 2170E0C11B43559A000F41C0 /* AppDelegate.swift */; };
		2170E0C51B43559A000F41C0 /* BOTS.xcdatamodeld in Sources */ = {isa = PBXBuildFile; fileRef = 2170E0C31B43559A000F41C0 /* BOTS.xcdatamodeld */; };
		2170E0C71B43559A000F41C0 /* ViewController.swift in Sources */ = {isa = PBXBuildFile; fileRef = 2170E0C61B43559A000F41C0 /* ViewController.swift */; };
		2170E0CA1B43559A000F41C0 /* Main.storyboard in Resources */ = {isa = PBXBuildFile; fileRef = 2170E0C81B43559A000F41C0 /* Main.storyboard */; };
		2170E0CC1B43559A000F41C0 /* Images.xcassets in Resources */ = {isa = PBXBuildFile; fileRef = 2170E0CB1B43559A000F41C0 /* Images.xcassets */; };
		2170E0CF1B43559A000F41C0 /* LaunchScreen.xib in Resources */ = {isa = PBXBuildFile; fileRef = 2170E0CD1B43559A000F41C0 /* LaunchScreen.xib */; };
		2170E0DB1B43559A000F41C0 /* BOTSTests.swift in Sources */ = {isa = PBXBuildFile; fileRef = 2170E0DA1B43559A000F41C0 /* BOTSTests.swift */; };
/* End PBXBuildFile section */

/* Begin PBXContainerItemProxy section */
		2170E0D51B43559A000F41C0 /* PBXContainerItemProxy */ = {
			isa = PBXContainerItemProxy;
			containerPortal = 2170E0B41B43559A000F41C0 /* Project object */;
			proxyType = 1;
			remoteGlobalIDString = 2170E0BB1B43559A000F41C0;
			remoteInfo = BOTS;
		};
/* End PBXContainerItemProxy section */

/* Begin PBXFileReference section */
		2170E0BC1B43559A000F41C0 /* BOTS.app */ = {isa = PBXFileReference; explicitFileType = wrapper.application; includeInIndex = 0; path = BOTS.app; sourceTree = BUILT_PRODUCTS_DIR; };
		2170E0C01B43559A000F41C0 /* Info.plist */ = {isa = PBXFileReference; lastKnownFileType = text.plist.xml; path = Info.plist; sourceTree = "<group>"; };
		2170E0C11B43559A000F41C0 /* AppDelegate.swift */ = {isa = PBXFileReference; lastKnownFileType = sourcecode.swift; path = AppDelegate.swift; sourceTree = "<group>"; };
		2170E0C41B43559A000F41C0 /* BOTS.xcdatamodel */ = {isa = PBXFileReference; lastKnownFileType = wrapper.xcdatamodel; path = BOTS.xcdatamodel; sourceTree = "<group>"; };
		2170E0C61B43559A000F41C0 /* ViewController.swift */ = {isa = PBXFileReference; lastKnownFileType = sourcecode.swift; path = ViewController.swift; sourceTree = "<group>"; };
		2170E0C91B43559A000F41C0 /* Base */ = {isa = PBXFileReference; lastKnownFileType = file.storyboard; name = Base; path = Base.lproj/Main.storyboard; sourceTree = "<group>"; };
		2170E0CB1B43559A000F41C0 /* Images.xcassets */ = {isa = PBXFileReference; lastKnownFileType = folder.assetcatalog; path = Images.xcassets; sourceTree = "<group>"; };
		2170E0CE1B43559A000F41C0 /* Base */ = {isa = PBXFileReference; lastKnownFileType = file.xib; name = Base; path = Base.lproj/LaunchScreen.xib; sourceTree = "<group>"; };
		2170E0D41B43559A000F41C0 /* BOTSTests.xctest */ = {isa = PBXFileReference; explicitFileType = wrapper.cfbundle; includeInIndex = 0; path = BOTSTests.xctest; sourceTree = BUILT_PRODUCTS_DIR; };
		2170E0D91B43559A000F41C0 /* Info.plist */ = {isa = PBXFileReference; lastKnownFileType = text.plist.xml; path = Info.plist; sourceTree = "<group>"; };
		2170E0DA1B43559A000F41C0 /* BOTSTests.swift */ = {isa = PBXFileReference; lastKnownFileType = sourcecode.swift; path = BOTSTests.swift; sourceTree = "<group>"; };
/* End PBXFileReference section */

/* Begin PBXFrameworksBuildPhase section */
		2170E0B91B43559A000F41C0 /* Frameworks */ = {
			isa = PBXFrameworksBuildPhase;
			buildActionMask = 2147483647;
			files = (
			);
			runOnlyForDeploymentPostprocessing = 0;
		};
		2170E0D11B43559A000F41C0 /* Frameworks */ = {
			isa = PBXFrameworksBuildPhase;
			buildActionMask = 2147483647;
			files = (
			);
			runOnlyForDeploymentPostprocessing = 0;
		};
/* End PBXFrameworksBuildPhase section */

/* Begin PBXGroup section */
		2170E0B31B43559A000F41C0 = {
			isa = PBXGroup;
			children = (
				2170E0BE1B43559A000F41C0 /* BOTS */,
				2170E0D71B43559A000F41C0 /* BOTSTests */,
				2170E0BD1B43559A000F41C0 /* Products */,
			);
			sourceTree = "<group>";
		};
		2170E0BD1B43559A000F41C0 /* Products */ = {
			isa = PBXGroup;
			children = (
				2170E0BC1B43559A000F41C0 /* BOTS.app */,
				2170E0D41B43559A000F41C0 /* BOTSTests.xctest */,
			);
			name = Products;
			sourceTree = "<group>";
		};
		2170E0BE1B43559A000F41C0 /* BOTS */ = {
			isa = PBXGroup;
			children = (
				2170E0C11B43559A000F41C0 /* AppDelegate.swift */,
				2170E0C61B43559A000F41C0 /* ViewController.swift */,
				2170E0C81B43559A000F41C0 /* Main.storyboard */,
				2170E0CB1B43559A000F41C0 /* Images.xcassets */,
				2170E0CD1B43559A000F41C0 /* LaunchScreen.xib */,
				2170E0C31B43559A000F41C0 /* BOTS.xcdatamodeld */,
				2170E0BF1B43559A000F41C0 /* Supporting Files */,
			);
			path = BOTS;
			sourceTree = "<group>";
		};
		2170E0BF1B43559A000F41C0 /* Supporting Files */ = {
			isa = PBXGroup;
			children = (
				2170E0C01B43559A000F41C0 /* Info.plist */,
			);
			name = "Supporting Files";
			sourceTree = "<group>";
		};
		2170E0D71B43559A000F41C0 /* BOTSTests */ = {
			isa = PBXGroup;
			children = (
				2170E0DA1B43559A000F41C0 /* BOTSTests.swift */,
				2170E0D81B43559A000F41C0 /* Supporting Files */,
			);
			path = BOTSTests;
			sourceTree = "<group>";
		};
		2170E0D81B43559A000F41C0 /* Supporting Files */ = {
			isa = PBXGroup;
			children = (
				2170E0D91B43559A000F41C0 /* Info.plist */,
			);
			name = "Supporting Files";
			sourceTree = "<group>";
		};
/* End PBXGroup section */

/* Begin PBXNativeTarget section */
		2170E0BB1B43559A000F41C0 /* BOTS */ = {
			isa = PBXNativeTarget;
			buildConfigurationList = 2170E0DE1B43559A000F41C0 /* Build configuration list for PBXNativeTarget "BOTS" */;
			buildPhases = (
				2170E0B81B43559A000F41C0 /* Sources */,
				2170E0B91B43559A000F41C0 /* Frameworks */,
				2170E0BA1B43559A000F41C0 /* Resources */,
			);
			buildRules = (
			);
			dependencies = (
			);
			name = BOTS;
			productName = BOTS;
			productReference = 2170E0BC1B43559A000F41C0 /* BOTS.app */;
			productType = "com.apple.product-type.application";
		};
		2170E0D31B43559A000F41C0 /* BOTSTests */ = {
			isa = PBXNativeTarget;
			buildConfigurationList = 2170E0E11B43559A000F41C0 /* Build configuration list for PBXNativeTarget "BOTSTests" */;
			buildPhases = (
				2170E0D01B43559A000F41C0 /* Sources */,
				2170E0D11B43559A000F41C0 /* Frameworks */,
				2170E0D21B43559A000F41C0 /* Resources */,
			);
			buildRules = (
			);
			dependencies = (
				2170E0D61B43559A000F41C0 /* PBXTargetDependency */,
			);
			name = BOTSTests;
			productName = BOTSTests;
			productReference = 2170E0D41B43559A000F41C0 /* BOTSTests.xctest */;
			productType = "com.apple.product-type.bundle.unit-test";
		};
/* End PBXNativeTarget section */

/* Begin PBXProject section */
		2170E0B41B43559A000F41C0 /* Project object */ = {
			isa = PBXProject;
			attributes = {
				LastUpgradeCheck = 0630;
				ORGANIZATIONNAME = "Gabriel Guevara";
				TargetAttributes = {
					2170E0BB1B43559A000F41C0 = {
						CreatedOnToolsVersion = 6.3.1;
					};
					2170E0D31B43559A000F41C0 = {
						CreatedOnToolsVersion = 6.3.1;
						TestTargetID = 2170E0BB1B43559A000F41C0;
					};
				};
			};
			buildConfigurationList = 2170E0B71B43559A000F41C0 /* Build configuration list for PBXProject "BOTS" */;
			compatibilityVersion = "Xcode 3.2";
			developmentRegion = English;
			hasScannedForEncodings = 0;
			knownRegions = (
				en,
				Base,
			);
			mainGroup = 2170E0B31B43559A000F41C0;
			productRefGroup = 2170E0BD1B43559A000F41C0 /* Products */;
			projectDirPath = "";
			projectRoot = "";
			targets = (
				2170E0BB1B43559A000F41C0 /* BOTS */,
				2170E0D31B43559A000F41C0 /* BOTSTests */,
			);
		};
/* End PBXProject section */

/* Begin PBXResourcesBuildPhase section */
		2170E0BA1B43559A000F41C0 /* Resources */ = {
			isa = PBXResourcesBuildPhase;
			buildActionMask = 2147483647;
			files = (
				2170E0CA1B43559A000F41C0 /* Main.storyboard in Resources */,
				2170E0CF1B43559A000F41C0 /* LaunchScreen.xib in Resources */,
				2170E0CC1B43559A000F41C0 /* Images.xcassets in Resources */,
			);
			runOnlyForDeploymentPostprocessing = 0;
		};
		2170E0D21B43559A000F41C0 /* Resources */ = {
			isa = PBXResourcesBuildPhase;
			buildActionMask = 2147483647;
			files = (
			);
			runOnlyForDeploymentPostprocessing = 0;
		};
/* End PBXResourcesBuildPhase section */

/* Begin PBXSourcesBuildPhase section */
		2170E0B81B43559A000F41C0 /* Sources */ = {
			isa = PBXSourcesBuildPhase;
			buildActionMask = 2147483647;
			files = (
				2170E0C71B43559A000F41C0 /* ViewController.swift in Sources */,
				2170E0C21B43559A000F41C0 /* AppDelegate.swift in Sources */,
				2170E0C51B43559A000F41C0 /* BOTS.xcdatamodeld in Sources */,
			);
			runOnlyForDeploymentPostprocessing = 0;
		};
		2170E0D01B43559A000F41C0 /* Sources */ = {
			isa = PBXSourcesBuildPhase;
			buildActionMask = 2147483647;
			files = (
				2170E0DB1B43559A000F41C0 /* BOTSTests.swift in Sources */,
			);
			runOnlyForDeploymentPostprocessing = 0;
		};
/* End PBXSourcesBuildPhase section */

/* Begin PBXTargetDependency section */
		2170E0D61B43559A000F41C0 /* PBXTargetDependency */ = {
			isa = PBXTargetDependency;
			target = 2170E0BB1B43559A000F41C0 /* BOTS */;
			targetProxy = 2170E0D51B43559A000F41C0 /* PBXContainerItemProxy */;
		};
/* End PBXTargetDependency section */

/* Begin PBXVariantGroup section */
		2170E0C81B43559A000F41C0 /* Main.storyboard */ = {
			isa = PBXVariantGroup;
			children = (
				2170E0C91B43559A000F41C0 /* Base */,
			);
			name = Main.storyboard;
			sourceTree = "<group>";
		};
		2170E0CD1B43559A000F41C0 /* LaunchScreen.xib */ = {
			isa = PBXVariantGroup;
			children = (
				2170E0CE1B43559A000F41C0 /* Base */,
			);
			name = LaunchScreen.xib;
			sourceTree = "<group>";
		};
/* End PBXVariantGroup section */

/* Begin XCBuildConfiguration section */
		2170E0DC1B43559A000F41C0 /* Debug */ = {
			isa = XCBuildConfiguration;
			buildSettings = {
				ALWAYS_SEARCH_USER_PATHS = NO;
				CLANG_CXX_LANGUAGE_STANDARD = "gnu++0x";
				CLANG_CXX_LIBRARY = "libc++";
				CLANG_ENABLE_MODULES = YES;
				CLANG_ENABLE_OBJC_ARC = YES;
				CLANG_WARN_BOOL_CONVERSION = YES;
				CLANG_WARN_CONSTANT_CONVERSION = YES;
				CLANG_WARN_DIRECT_OBJC_ISA_USAGE = YES_ERROR;
				CLANG_WARN_EMPTY_BODY = YES;
				CLANG_WARN_ENUM_CONVERSION = YES;
				CLANG_WARN_INT_CONVERSION = YES;
				CLANG_WARN_OBJC_ROOT_CLASS = YES_ERROR;
				CLANG_WARN_UNREACHABLE_CODE = YES;
				CLANG_WARN__DUPLICATE_METHOD_MATCH = YES;
				"CODE_SIGN_IDENTITY[sdk=iphoneos*]" = "iPhone Developer";
				COPY_PHASE_STRIP = NO;
				DEBUG_INFORMATION_FORMAT = "dwarf-with-dsym";
				ENABLE_STRICT_OBJC_MSGSEND = YES;
				GCC_C_LANGUAGE_STANDARD = gnu99;
				GCC_DYNAMIC_NO_PIC = NO;
				GCC_NO_COMMON_BLOCKS = YES;
				GCC_OPTIMIZATION_LEVEL = 0;
				GCC_PREPROCESSOR_DEFINITIONS = (
					"DEBUG=1",
					"$(inherited)",
				);
				GCC_SYMBOLS_PRIVATE_EXTERN = NO;
				GCC_WARN_64_TO_32_BIT_CONVERSION = YES;
				GCC_WARN_ABOUT_RETURN_TYPE = YES_ERROR;
				GCC_WARN_UNDECLARED_SELECTOR = YES;
				GCC_WARN_UNINITIALIZED_AUTOS = YES_AGGRESSIVE;
				GCC_WARN_UNUSED_FUNCTION = YES;
				GCC_WARN_UNUSED_VARIABLE = YES;
				IPHONEOS_DEPLOYMENT_TARGET = 8.3;
				MTL_ENABLE_DEBUG_INFO = YES;
				ONLY_ACTIVE_ARCH = YES;
				SDKROOT = iphoneos;
				SWIFT_OPTIMIZATION_LEVEL = "-Onone";
			};
			name = Debug;
		};
		2170E0DD1B43559A000F41C0 /* Release */ = {
			isa = XCBuildConfiguration;
			buildSettings = {
				ALWAYS_SEARCH_USER_PATHS = NO;
				CLANG_CXX_LANGUAGE_STANDARD = "gnu++0x";
				CLANG_CXX_LIBRARY = "libc++";
				CLANG_ENABLE_MODULES = YES;
				CLANG_ENABLE_OBJC_ARC = YES;
				CLANG_WARN_BOOL_CONVERSION = YES;
				CLANG_WARN_CONSTANT_CONVERSION = YES;
				CLANG_WARN_DIRECT_OBJC_ISA_USAGE = YES_ERROR;
				CLANG_WARN_EMPTY_BODY = YES;
				CLANG_WARN_ENUM_CONVERSION = YES;
				CLANG_WARN_INT_CONVERSION = YES;
				CLANG_WARN_OBJC_ROOT_CLASS = YES_ERROR;
				CLANG_WARN_UNREACHABLE_CODE = YES;
				CLANG_WARN__DUPLICATE_METHOD_MATCH = YES;
				"CODE_SIGN_IDENTITY[sdk=iphoneos*]" = "iPhone Developer";
				COPY_PHASE_STRIP = NO;
				DEBUG_INFORMATION_FORMAT = "dwarf-with-dsym";
				ENABLE_NS_ASSERTIONS = NO;
				ENABLE_STRICT_OBJC_MSGSEND = YES;
				GCC_C_LANGUAGE_STANDARD = gnu99;
				GCC_NO_COMMON_BLOCKS = YES;
				GCC_WARN_64_TO_32_BIT_CONVERSION = YES;
				GCC_WARN_ABOUT_RETURN_TYPE = YES_ERROR;
				GCC_WARN_UNDECLARED_SELECTOR = YES;
				GCC_WARN_UNINITIALIZED_AUTOS = YES_AGGRESSIVE;
				GCC_WARN_UNUSED_FUNCTION = YES;
				GCC_WARN_UNUSED_VARIABLE = YES;
				IPHONEOS_DEPLOYMENT_TARGET = 8.3;
				MTL_ENABLE_DEBUG_INFO = NO;
				SDKROOT = iphoneos;
				VALIDATE_PRODUCT = YES;
			};
			name = Release;
		};
		2170E0DF1B43559A000F41C0 /* Debug */ = {
			isa = XCBuildConfiguration;
			buildSettings = {
				ASSETCATALOG_COMPILER_APPICON_NAME = AppIcon;
				INFOPLIST_FILE = BOTS/Info.plist;
				LD_RUNPATH_SEARCH_PATHS = "$(inherited) @executable_path/Frameworks";
				PRODUCT_NAME = "$(TARGET_NAME)";
			};
			name = Debug;
		};
		2170E0E01B43559A000F41C0 /* Release */ = {
			isa = XCBuildConfiguration;
			buildSettings = {
				ASSETCATALOG_COMPILER_APPICON_NAME = AppIcon;
				INFOPLIST_FILE = BOTS/Info.plist;
				LD_RUNPATH_SEARCH_PATHS = "$(inherited) @executable_path/Frameworks";
				PRODUCT_NAME = "$(TARGET_NAME)";
			};
			name = Release;
		};
		2170E0E21B43559A000F41C0 /* Debug */ = {
			isa = XCBuildConfiguration;
			buildSettings = {
				BUNDLE_LOADER = "$(TEST_HOST)";
				FRAMEWORK_SEARCH_PATHS = (
					"$(SDKROOT)/Developer/Library/Frameworks",
					"$(inherited)",
				);
				GCC_PREPROCESSOR_DEFINITIONS = (
					"DEBUG=1",
					"$(inherited)",
				);
				INFOPLIST_FILE = BOTSTests/Info.plist;
				LD_RUNPATH_SEARCH_PATHS = "$(inherited) @executable_path/Frameworks @loader_path/Frameworks";
				PRODUCT_NAME = "$(TARGET_NAME)";
				TEST_HOST = "$(BUILT_PRODUCTS_DIR)/BOTS.app/BOTS";
			};
			name = Debug;
		};
		2170E0E31B43559A000F41C0 /* Release */ = {
			isa = XCBuildConfiguration;
			buildSettings = {
				BUNDLE_LOADER = "$(TEST_HOST)";
				FRAMEWORK_SEARCH_PATHS = (
					"$(SDKROOT)/Developer/Library/Frameworks",
					"$(inherited)",
				);
				INFOPLIST_FILE = BOTSTests/Info.plist;
				LD_RUNPATH_SEARCH_PATHS = "$(inherited) @executable_path/Frameworks @loader_path/Frameworks";
				PRODUCT_NAME = "$(TARGET_NAME)";
				TEST_HOST = "$(BUILT_PRODUCTS_DIR)/BOTS.app/BOTS";
			};
			name = Release;
		};
/* End XCBuildConfiguration section */

/* Begin XCConfigurationList section */
		2170E0B71B43559A000F41C0 /* Build configuration list for PBXProject "BOTS" */ = {
			isa = XCConfigurationList;
			buildConfigurations = (
				2170E0DC1B43559A000F41C0 /* Debug */,
				2170E0DD1B43559A000F41C0 /* Release */,
			);
			defaultConfigurationIsVisible = 0;
			defaultConfigurationName = Release;
		};
		2170E0DE1B43559A000F41C0 /* Build configuration list for PBXNativeTarget "BOTS" */ = {
			isa = XCConfigurationList;
			buildConfigurations = (
				2170E0DF1B43559A000F41C0 /* Debug */,
				2170E0E01B43559A000F41C0 /* Release */,
			);
			defaultConfigurationIsVisible = 0;
		};
		2170E0E11B43559A000F41C0 /* Build configuration list for PBXNativeTarget "BOTSTests" */ = {
			isa = XCConfigurationList;
			buildConfigurations = (
				2170E0E21B43559A000F41C0 /* Debug */,
				2170E0E31B43559A000F41C0 /* Release */,
			);
			defaultConfigurationIsVisible = 0;
		};
/* End XCConfigurationList section */

/* Begin XCVersionGroup section */
		2170E0C31B43559A000F41C0 /* BOTS.xcdatamodeld */ = {
			isa = XCVersionGroup;
			children = (
				2170E0C41B43559A000F41C0 /* BOTS.xcdatamodel */,
			);
			currentVersion = 2170E0C41B43559A000F41C0 /* BOTS.xcdatamodel */;
			path = BOTS.xcdatamodeld;
			sourceTree = "<group>";
			versionGroupType = wrapper.xcdatamodel;
		};
/* End XCVersionGroup section */
	};
	rootObject = 2170E0B41B43559A000F41C0 /* Project object */;
}
